{
  "projects": [
    {
      "projectId": "ohDidvG9XsCeFumugENU3J",
      "version": "6.24.0",
      "dependencies": {},
      "lang": "ts",
      "fileLocks": [
        {
          "assetId": "ohDidvG9XsCeFumugENU3J",
          "type": "projectCss",
          "checksum": "fd83b730367fdbde2c69bc6cf31c2a3c"
        },
        {
          "assetId": "ohDidvG9XsCeFumugENU3J",
          "checksum": "de0a0e65174a6a185a8f822af51c6bdd",
          "type": "globalContexts"
        }
      ],
      "codegenVersion": "0.0.1"
    },
    {
      "projectId": "caTPwKxj5ZrD9LQ7DMdK4Z",
      "version": "3.36.0",
      "dependencies": {},
      "lang": "ts",
      "fileLocks": [
        {
          "assetId": "caTPwKxj5ZrD9LQ7DMdK4Z",
          "type": "projectCss",
          "checksum": "e1ec850476829c38b0f9b6d4f7ac446a"
        }
      ],
      "codegenVersion": "0.0.1"
    },
    {
      "projectId": "hsyJcmBceSfPzvvXzVTuk7",
      "version": "0.1.0",
      "dependencies": {},
      "lang": "ts",
      "fileLocks": [
        {
          "assetId": "hsyJcmBceSfPzvvXzVTuk7",
          "type": "projectCss",
          "checksum": "e1ec850476829c38b0f9b6d4f7ac446a"
        }
      ],
      "codegenVersion": "0.0.1"
    },
    {
      "projectId": "tLq7qfzTbVAthGrdHBHujA",
      "version": "latest",
      "dependencies": {
        "hsyJcmBceSfPzvvXzVTuk7": "0.1.0",
        "caTPwKxj5ZrD9LQ7DMdK4Z": "3.36.0",
        "ohDidvG9XsCeFumugENU3J": "6.24.0"
      },
      "lang": "ts",
      "fileLocks": [
        {
          "type": "globalVariant",
          "assetId": "5rS7WwfAhuZu",
          "checksum": "20ae968bcf395f8d0eaba0521d6c2849"
        },
        {
          "assetId": "tLq7qfzTbVAthGrdHBHujA",
          "type": "projectCss",
          "checksum": "a1a70435d8b6b63685b68a8f30425bc9"
        },
        {
          "assetId": "tLq7qfzTbVAthGrdHBHujA",
          "checksum": "910b5a1ed543e14daa7ee4a0da56ebba",
          "type": "globalContexts"
        },
        {
          "type": "renderModule",
          "assetId": "ynIxfdDsb_WK",
          "checksum": "bb01a5c7af5432635bcbdd244e4c20d6"
        },
        {
          "type": "cssRules",
          "assetId": "ynIxfdDsb_WK",
          "checksum": "bb01a5c7af5432635bcbdd244e4c20d6"
        },
        {
          "type": "renderModule",
          "assetId": "5PPoJ-eUqIWV",
          "checksum": "722cad4b93e62eb3d32c32857f450603"
        },
        {
          "type": "cssRules",
          "assetId": "5PPoJ-eUqIWV",
          "checksum": "722cad4b93e62eb3d32c32857f450603"
        },
        {
          "type": "renderModule",
          "assetId": "7SDVrakTDPfy",
          "checksum": "6ac2a3b578cf0484371cfc5fdeb0baaa"
        },
        {
          "type": "cssRules",
          "assetId": "7SDVrakTDPfy",
          "checksum": "6ac2a3b578cf0484371cfc5fdeb0baaa"
        },
        {
          "type": "renderModule",
          "assetId": "HmKaqKMzC78s",
          "checksum": "e41fdbc6b08babfbff1b4c5de8946000"
        },
        {
          "type": "cssRules",
          "assetId": "HmKaqKMzC78s",
          "checksum": "e41fdbc6b08babfbff1b4c5de8946000"
        },
        {
          "type": "renderModule",
          "assetId": "J-3Ymf7PWpUm",
          "checksum": "0a22c8afb0ad166f984b37c012755147"
        },
        {
          "type": "cssRules",
          "assetId": "J-3Ymf7PWpUm",
          "checksum": "0a22c8afb0ad166f984b37c012755147"
        },
        {
          "type": "renderModule",
          "assetId": "-0uusTYYAXza",
          "checksum": "b53e76931ae2ae640227a750f44905f4"
        },
        {
          "type": "cssRules",
          "assetId": "-0uusTYYAXza",
          "checksum": "b53e76931ae2ae640227a750f44905f4"
        },
        {
          "type": "renderModule",
          "assetId": "WXnshuXKCFFh",
          "checksum": "c415a706b6fae529d6cd2f3b7747afeb"
        },
        {
          "type": "cssRules",
          "assetId": "WXnshuXKCFFh",
          "checksum": "c415a706b6fae529d6cd2f3b7747afeb"
        },
        {
          "type": "renderModule",
          "assetId": "FxV-tgWOdC8e",
          "checksum": "d94dce9ec9762b20c0ba87bba617a896"
        },
        {
          "type": "cssRules",
          "assetId": "FxV-tgWOdC8e",
          "checksum": "d94dce9ec9762b20c0ba87bba617a896"
        },
        {
          "type": "renderModule",
          "assetId": "fIOtKb0bOfTn",
          "checksum": "f3a647eda517663f756ad23ef93f87da"
        },
        {
          "type": "cssRules",
          "assetId": "fIOtKb0bOfTn",
          "checksum": "f3a647eda517663f756ad23ef93f87da"
        },
        {
          "type": "renderModule",
          "assetId": "5zRjTXImWuWx",
          "checksum": "de74b26d6819d3f934abd8fb535d784c"
        },
        {
          "type": "cssRules",
          "assetId": "5zRjTXImWuWx",
          "checksum": "de74b26d6819d3f934abd8fb535d784c"
        },
        {
          "type": "renderModule",
          "assetId": "aMM1xOjQ0G0x",
          "checksum": "3a3c9b9f0d9e08a44b0fa5b12a9021ba"
        },
        {
          "type": "cssRules",
          "assetId": "aMM1xOjQ0G0x",
          "checksum": "3a3c9b9f0d9e08a44b0fa5b12a9021ba"
        },
        {
          "type": "renderModule",
          "assetId": "PcQA6gjeHjIH",
          "checksum": "c79b6fa87961e5f26e15d7c76c5d8035"
        },
        {
          "type": "cssRules",
          "assetId": "PcQA6gjeHjIH",
          "checksum": "c79b6fa87961e5f26e15d7c76c5d8035"
        },
        {
          "type": "renderModule",
          "assetId": "3aVPtnMnnLTO",
          "checksum": "8c9def158e0e02ce289c7cee9f1a6eba"
        },
        {
          "type": "cssRules",
          "assetId": "3aVPtnMnnLTO",
          "checksum": "8c9def158e0e02ce289c7cee9f1a6eba"
        },
        {
          "type": "renderModule",
          "assetId": "FTJElqTpvaUK",
          "checksum": "ccb784cf315c2f19e4d581661bb7c360"
        },
        {
          "type": "cssRules",
          "assetId": "FTJElqTpvaUK",
          "checksum": "ccb784cf315c2f19e4d581661bb7c360"
        },
        {
          "type": "renderModule",
          "assetId": "2TZd2557TfBL",
          "checksum": "25a16a94dab93566beafdf5f34ec3ce3"
        },
        {
          "type": "cssRules",
          "assetId": "2TZd2557TfBL",
          "checksum": "25a16a94dab93566beafdf5f34ec3ce3"
        },
        {
          "type": "renderModule",
          "assetId": "YMS5-Ryhwuzj",
          "checksum": "3cd909f4204c9003b9fddb61714e3f14"
        },
        {
          "type": "cssRules",
          "assetId": "YMS5-Ryhwuzj",
          "checksum": "3cd909f4204c9003b9fddb61714e3f14"
        },
        {
          "type": "renderModule",
          "assetId": "IGotvDsrozg7",
          "checksum": "87a21bff5d12fc3eb9cfa3e1651b08c9"
        },
        {
          "type": "cssRules",
          "assetId": "IGotvDsrozg7",
          "checksum": "87a21bff5d12fc3eb9cfa3e1651b08c9"
        },
        {
          "type": "renderModule",
          "assetId": "l19tmW8yuzHU",
          "checksum": "65d8bf9f28a438e5355434d3f5340db3"
        },
        {
          "type": "cssRules",
          "assetId": "l19tmW8yuzHU",
          "checksum": "65d8bf9f28a438e5355434d3f5340db3"
        },
        {
          "type": "renderModule",
          "assetId": "ELtuOud_UEaz",
          "checksum": "d5bc4b9144dc84b053a17fda17bcae20"
        },
        {
          "type": "cssRules",
          "assetId": "ELtuOud_UEaz",
          "checksum": "d5bc4b9144dc84b053a17fda17bcae20"
        },
        {
          "type": "renderModule",
          "assetId": "paWwP3mdegm9",
          "checksum": "696c8f3f1d437cce3af0f5dc171f17b5"
        },
        {
          "type": "cssRules",
          "assetId": "paWwP3mdegm9",
          "checksum": "696c8f3f1d437cce3af0f5dc171f17b5"
        },
        {
          "type": "renderModule",
          "assetId": "0cgbrQRLEY0Z",
          "checksum": "6f7ee6c45802f4bcd9a803db25d0ae0e"
        },
        {
          "type": "cssRules",
          "assetId": "0cgbrQRLEY0Z",
          "checksum": "6f7ee6c45802f4bcd9a803db25d0ae0e"
        },
        {
          "type": "renderModule",
          "assetId": "cfEeQpxgzhCf",
          "checksum": "9b3e83874c1fc49d92a5f4abc431254d"
        },
        {
          "type": "cssRules",
          "assetId": "cfEeQpxgzhCf",
          "checksum": "9b3e83874c1fc49d92a5f4abc431254d"
        },
        {
          "type": "renderModule",
          "assetId": "HCU2DtF_2RbQ",
          "checksum": "982de9c5413e9457591ce5af9c988f17"
        },
        {
          "type": "cssRules",
          "assetId": "HCU2DtF_2RbQ",
          "checksum": "982de9c5413e9457591ce5af9c988f17"
        },
        {
          "type": "renderModule",
          "assetId": "lrGZjj9xHMRA",
          "checksum": "4b2d3b2d29db918f78cb5a9d8c446114"
        },
        {
          "type": "cssRules",
          "assetId": "lrGZjj9xHMRA",
          "checksum": "4b2d3b2d29db918f78cb5a9d8c446114"
        },
        {
          "type": "renderModule",
          "assetId": "c3yCjFKV7pHv",
          "checksum": "ef21481ae9a72828fa5f0d7ee8f1ae86"
        },
        {
          "type": "cssRules",
          "assetId": "c3yCjFKV7pHv",
          "checksum": "ef21481ae9a72828fa5f0d7ee8f1ae86"
        },
        {
          "type": "icon",
          "assetId": "fdU6wABrtWAZ",
          "checksum": "d29d79705369fc5d63b0de042ffd22d2"
        },
        {
          "type": "icon",
          "assetId": "SIIxXzdKjcFU",
          "checksum": "0e2cedd2de30de290bdd6006d21d54ae"
        },
        {
          "type": "icon",
          "assetId": "As-o-0Xd4QE3",
          "checksum": "4c7431e688e3256a06033eff70f61818"
        },
        {
          "type": "icon",
          "assetId": "XfbZFh9X2RUW",
          "checksum": "f98d7938fc51ca591bfd486ea5c49166"
        },
        {
          "type": "icon",
          "assetId": "ndQ9xS6Dqixb",
          "checksum": "31544c0fd63c5f16c448be97b98d0caa"
        },
        {
          "type": "icon",
          "assetId": "5Tjt0lR6Hmbm",
          "checksum": "0fc7b040ba07dd920294c15e9da9ead0"
        },
        {
          "type": "icon",
          "assetId": "v9FcutVi9dP1",
          "checksum": "a3d0e88d4de20342ead6e8c3bba45b2e"
        },
        {
          "type": "icon",
          "assetId": "KDC0UYpHXcXs",
          "checksum": "2461511f6c7e58350007eb02cd76851d"
        },
        {
          "type": "icon",
          "assetId": "pQJfc65gzu9e",
          "checksum": "9fb0410c2556c68b94d20a44240569a8"
        },
        {
          "type": "icon",
          "assetId": "qy-pdAKOOdW2",
          "checksum": "b082d9c274f9713def4c5f77ca5ca2f9"
        },
        {
          "type": "icon",
          "assetId": "kaI1f6mS_oiK",
          "checksum": "7cfa8e75581be76e47b31cb19c647056"
        },
        {
          "type": "icon",
          "assetId": "kOVw_KWm3chM",
          "checksum": "af0dc78b50fb634454e5726ea80f2c4e"
        },
        {
          "type": "icon",
          "assetId": "moK7McWEBrj9",
          "checksum": "9c2e6d560d05c21de59a7003a2cb82ea"
        },
        {
          "type": "icon",
          "assetId": "_TLCJDiyHaRc",
          "checksum": "df70185ee0385e80c3898bec50b9fcee"
        },
        {
          "type": "icon",
          "assetId": "cghuqIF11_Xl",
          "checksum": "c640cd55dce23251de5f63c8e9cf0bf8"
        },
        {
          "type": "icon",
          "assetId": "yNniAndSM8At",
          "checksum": "5b82d6a1fee14ef5c23cdbaf96a48a3d"
        },
        {
          "type": "icon",
          "assetId": "h4S1jeF7XVId",
          "checksum": "cd8fbc65a41921d6e65f63d61fd60b09"
        },
        {
          "type": "icon",
          "assetId": "Z0NYJZ-knBYc",
          "checksum": "0ec4061cd383fd53d72d4aa303c6c906"
        },
        {
          "type": "icon",
          "assetId": "KoOSGqZ5x3Hc",
          "checksum": "5496f7508abb8215a0d47fc63ed04b02"
        },
        {
          "type": "icon",
          "assetId": "wYjTIKnZDYSL",
          "checksum": "73693952841e1f26e72e1fcc2acf5b24"
        },
        {
          "type": "icon",
          "assetId": "DZqpoVDBmvDe",
          "checksum": "c044b76fee854c22b2594382b5805cd3"
        },
        {
          "type": "icon",
          "assetId": "6aDQ2Iyb_TDq",
          "checksum": "d658968f22a3b01997a83f106985ee2f"
        },
        {
          "type": "icon",
          "assetId": "YNofnSb0oiAM",
          "checksum": "c8532e774c3f653cc4a933e2b5af222a"
        },
        {
          "type": "icon",
          "assetId": "LUPaMmV1_4gr",
          "checksum": "200871127f87ef838bc674a9c50267ec"
        },
        {
          "type": "icon",
          "assetId": "rVVi1mS-n1ns",
          "checksum": "abed7eec52398e526979df4f9d9ad4e2"
        },
        {
          "type": "icon",
          "assetId": "abTodCGCu2UB",
          "checksum": "6ce10700bbab8c769d9d2750f1f40d89"
        },
        {
          "type": "icon",
          "assetId": "3qiBQVgcSBzr",
          "checksum": "458846da970fdc73b8928cfd8a713488"
        },
        {
          "type": "icon",
          "assetId": "ouXDU3uQjiv1",
          "checksum": "ef67cf0fe45e0ea67710eb5450db6e2b"
        },
        {
          "type": "icon",
          "assetId": "vdAzh-bB2vJx",
          "checksum": "9fd7568e7f6e43e92ce41ca785f596d0"
        },
        {
          "type": "icon",
          "assetId": "BjXKk3cHyA0e",
          "checksum": "4e48368a3175fba152b9aa4da46797b9"
        },
        {
          "type": "icon",
          "assetId": "77aXUyq1U2Pp",
          "checksum": "399543bf8d0b813059c9190db82391d2"
        },
        {
          "type": "icon",
          "assetId": "p5-g1op4joUm",
          "checksum": "fa4e99fe6726c6615e6361ab642dfbcc"
        },
        {
          "type": "icon",
          "assetId": "t3NkYDVhxIL0",
          "checksum": "dfc147c0aee3559425d50b0eb38ee5d6"
        },
        {
          "type": "icon",
          "assetId": "5d0m4xDAhgwS",
          "checksum": "cb172a56300b5771a3156eacb49fd3d1"
        },
        {
          "type": "icon",
          "assetId": "kvrECqiiOezc",
          "checksum": "41e8f037b9009b35b2457d14723400cb"
        },
        {
          "type": "icon",
          "assetId": "PLdPRZkOyRPf",
          "checksum": "70343a51cc135283b250eb393853a019"
        },
        {
          "type": "icon",
          "assetId": "jcVhbdwGakfE",
          "checksum": "7460b2972054265672aaa127930f18dd"
        },
        {
          "type": "icon",
          "assetId": "V-DHIxXcAsSD",
          "checksum": "d8babdd0c19a485ab409c1c3cc56de4b"
        },
        {
          "type": "icon",
          "assetId": "JiCMUwREjm9h",
          "checksum": "f9a84a11c97403a0383f36d2b5824562"
        },
        {
          "type": "image",
          "assetId": "-VYSaxR6eWra",
          "checksum": "6ffd99a478c88b83a397a1ef29dcfad7"
        },
        {
          "type": "image",
          "assetId": "QTI96bZu99LA",
          "checksum": "d3fdd62b1d6adae2c890edb203b6f656"
        },
        {
          "type": "image",
          "assetId": "9s4p1eA32BId",
          "checksum": "3eb00d3ec1c917994a28800805290a7d"
        },
        {
          "type": "image",
          "assetId": "TnCFf6SR0PB1",
          "checksum": "8c4296bc1aca69f436b78d8d56b1ae71"
        },
        {
          "type": "image",
          "assetId": "NNuM7hokm8MJ",
          "checksum": "4a261fd5fa0b7b5a959993b9f6e7ea33"
        },
        {
          "type": "image",
          "assetId": "taud434pGsdb",
          "checksum": "5b0982d3e6cc9efa0e3d962ceb3681b6"
        },
        {
          "type": "image",
          "assetId": "JAsuUsVetw2H",
          "checksum": "d603712450a27ea3a58604df85f68cf8"
        },
        {
          "type": "image",
          "assetId": "n7zDuwCFBEEG",
          "checksum": "b1da9a3db1bac385559dbd5c73357f2c"
        },
        {
          "type": "image",
          "assetId": "4klRERnSOPP5",
          "checksum": "bdb9e2366ceded69f56b2ec84dc48d88"
        },
        {
          "type": "image",
          "assetId": "akPqyRAWNHLu",
          "checksum": "292ce2ad2bd63d64ebf5cbb8f44b5f43"
        },
        {
          "type": "image",
          "assetId": "NOKO5okexf1X",
          "checksum": "7b053bd76bb296401d0745db20998814"
        },
        {
          "type": "image",
          "assetId": "d-JwcDJXJOXM",
          "checksum": "1ab2c80f06f77fbfa59f89d06907d13c"
        },
        {
          "type": "image",
          "assetId": "uL_GkSh_l1B0",
          "checksum": "497ea00846dd35c9d8d4f47fffa776cb"
        },
        {
          "type": "image",
          "assetId": "yKUpHxKHpBSY",
          "checksum": "11d02567fcfebba0a53934abdaecefd5"
        },
        {
          "type": "image",
          "assetId": "eDDHbZv03fQ5",
          "checksum": "e9c6d851a6a25d6575fa573c3ba5029b"
        },
        {
          "type": "image",
          "assetId": "uRS4BWcQ5J4y",
          "checksum": "0c1959683759c0ad90a10df8554a4bdc"
        },
        {
          "type": "image",
          "assetId": "05vUxgx2Ensy",
          "checksum": "b6d7dd3e2e0993de8ff0251700d9c9c0"
        },
        {
          "type": "image",
          "assetId": "A6iwTewSSzz3",
          "checksum": "d3c884f14950e0b079b97141d9a8630a"
        },
        {
          "type": "image",
          "assetId": "SIF0PIExhPaF",
          "checksum": "326ff722563eb2d43ad62bb528cff7de"
        },
        {
          "type": "image",
          "assetId": "bAs1Kqk3jtcS",
          "checksum": "c06fc3231e8b389281e057aa4e9264dc"
        },
        {
          "type": "image",
          "assetId": "q215JnkleDs7",
          "checksum": "1ffd72db3fc59df669fa58441bf7ce4c"
        },
        {
          "type": "image",
          "assetId": "YOejJqZUOD5U",
          "checksum": "f92ca8d0dcb72f51f3739fc6d04000ef"
        },
        {
          "type": "image",
          "assetId": "lKxARBk948Rk",
          "checksum": "44c45ac5bdca9475cabc972c4bff5ef6"
        },
        {
          "type": "image",
          "assetId": "GtEZKHUdZUtO",
          "checksum": "13205cbb089b5caed35b449a7ceff9a0"
        },
        {
          "type": "image",
          "assetId": "3fyU82zZeejT",
          "checksum": "db8e3fcde8e8fe3e4866dea5015a0d10"
        },
        {
          "type": "image",
          "assetId": "1YrvHccgjh7h",
          "checksum": "c593214c4b385e06ed9598d7c60d29a3"
        },
        {
          "type": "image",
          "assetId": "WkDkFenEzWSC",
          "checksum": "9364b5152dfe955fd9366a9015be598b"
        },
        {
          "type": "image",
          "assetId": "upZMthShxS_o",
          "checksum": "e7e252f3e0bbf35a460c1ed0bebd4e97"
        },
        {
          "type": "image",
          "assetId": "w1gvxBW4Pi9S",
          "checksum": "83bda0921de81251bc28f8069ba9ea0e"
        },
        {
          "type": "image",
          "assetId": "-qRJPdgHnKrl",
          "checksum": "3c8b2691cf6fb724f5892bcd045e0672"
        },
        {
          "type": "image",
          "assetId": "CkxEbESL5wkB",
          "checksum": "c4a098d72583ee2d87b39f92ef111442"
        },
        {
          "type": "image",
          "assetId": "VqiqcU-1xHmw",
          "checksum": "c5505494ba35adbaa206f9a3f076c8f8"
        }
      ],
      "codegenVersion": "0.0.1"
    }
  ],
  "cliVersion": "0.1.330"
}
